
Microsoft Visual Studio Solution File, Format Version 12.00
# Visual Studio 14
VisualStudioVersion = 14.0.25420.1
MinimumVisualStudioVersion = 10.0.40219.1
Project("{2150E333-8FDC-42A3-9474-1A3956D46DE8}") = "src", "src", "{6DE8FBDB-F6FA-48F7-82CB-6908B6EFD5C3}"
EndProject
Project("{2150E333-8FDC-42A3-9474-1A3956D46DE8}") = "Solution Items", "Solution Items", "{6DAF777C-11DB-46A3-9223-5B469BB50E84}"
	ProjectSection(SolutionItems) = preProject
		global.json = global.json
	EndProjectSection
EndProject
Project("{8BB2217D-0F2D-49D1-97BC-3654ED321F3B}") = "luxtour-app", "src\luxtour-app\luxtour-app.xproj", "{E1319CCC-7305-4FCD-BE8F-1D17AE3253FD}"
EndProject
Global
	GlobalSection(SolutionConfigurationPlatforms) = preSolution
		Debug|Any CPU = Debug|Any CPU
		Release|Any CPU = Release|Any CPU
	EndGlobalSection
	GlobalSection(ProjectConfigurationPlatforms) = postSolution
		{E1319CCC-7305-4FCD-BE8F-1D17AE3253FD}.Debug|Any CPU.ActiveCfg = Debug|Any CPU
		{E1319CCC-7305-4FCD-BE8F-1D17AE3253FD}.Debug|Any CPU.Build.0 = Debug|Any CPU
		{E1319CCC-7305-4FCD-BE8F-1D17AE3253FD}.Release|Any CPU.ActiveCfg = Release|Any CPU
		{E1319CCC-7305-4FCD-BE8F-1D17AE3253FD}.Release|Any CPU.Build.0 = Release|Any CPU
	EndGlobalSection
	GlobalSection(SolutionProperties) = preSolution
		HideSolutionNode = FALSE
	EndGlobalSection
	GlobalSection(NestedProjects) = preSolution
		{E1319CCC-7305-4FCD-BE8F-1D17AE3253FD} = {6DE8FBDB-F6FA-48F7-82CB-6908B6EFD5C3}
	EndGlobalSection
EndGlobal
